// !$*UTF8*$!
{
	archiveVersion = 1;
	classes = {
	};
	objectVersion = 50;
	objects = {

/* Begin PBXBuildFile section */
		962221D12148238500D68C3B /* Message.swift in Sources */ = {isa = PBXBuildFile; fileRef = 962221D02148238500D68C3B /* Message.swift */; };
		962A33A621407AD90032AAC6 /* AppDelegate.swift in Sources */ = {isa = PBXBuildFile; fileRef = 962A33A521407AD90032AAC6 /* AppDelegate.swift */; };
		962A33AB21407AD90032AAC6 /* Main.storyboard in Resources */ = {isa = PBXBuildFile; fileRef = 962A33A921407AD90032AAC6 /* Main.storyboard */; };
		962A33B321407ADA0032AAC6 /* LaunchScreen.storyboard in Resources */ = {isa = PBXBuildFile; fileRef = 962A33B121407ADA0032AAC6 /* LaunchScreen.storyboard */; };
		962A33BC21407B640032AAC6 /* GoogleService-Info.plist in Resources */ = {isa = PBXBuildFile; fileRef = 962A33BB21407B640032AAC6 /* GoogleService-Info.plist */; };
		962A33D321408F030032AAC6 /* Images.xcassets in Resources */ = {isa = PBXBuildFile; fileRef = 962A33D221408F030032AAC6 /* Images.xcassets */; };
		96C3645221472DCB005A3430 /* CustomMessageCell.swift in Sources */ = {isa = PBXBuildFile; fileRef = 96C3645021472DCB005A3430 /* CustomMessageCell.swift */; };
		96C3645321472DCB005A3430 /* MessageCell.xib in Resources */ = {isa = PBXBuildFile; fileRef = 96C3645121472DCB005A3430 /* MessageCell.xib */; };
		96F271B22143F9E100C5E32C /* LogInViewController.swift in Sources */ = {isa = PBXBuildFile; fileRef = 96F271B12143F9E100C5E32C /* LogInViewController.swift */; };
		96F271B42143F9FD00C5E32C /* ChatViewController.swift in Sources */ = {isa = PBXBuildFile; fileRef = 96F271B32143F9FD00C5E32C /* ChatViewController.swift */; };
		96F271B62143FA1500C5E32C /* RegisterViewController.swift in Sources */ = {isa = PBXBuildFile; fileRef = 96F271B52143FA1500C5E32C /* RegisterViewController.swift */; };
		96F271B82143FA3000C5E32C /* WelcomeViewController.swift in Sources */ = {isa = PBXBuildFile; fileRef = 96F271B72143FA3000C5E32C /* WelcomeViewController.swift */; };
		C049447D2C5BC65C03FF32EA /* Pods_myChat.framework in Frameworks */ = {isa = PBXBuildFile; fileRef = 31FA8F9D133F87CE26D65A23 /* Pods_myChat.framework */; };
/* End PBXBuildFile section */

/* Begin PBXFileReference section */
		31FA8F9D133F87CE26D65A23 /* Pods_myChat.framework */ = {isa = PBXFileReference; explicitFileType = wrapper.framework; includeInIndex = 0; path = Pods_myChat.framework; sourceTree = BUILT_PRODUCTS_DIR; };
		694F26A030D1074F104C5A45 /* Pods-myChat.release.xcconfig */ = {isa = PBXFileReference; includeInIndex = 1; lastKnownFileType = text.xcconfig; name = "Pods-myChat.release.xcconfig"; path = "Pods/Target Support Files/Pods-myChat/Pods-myChat.release.xcconfig"; sourceTree = "<group>"; };
		87AB2648D107F0F3BC5FD04A /* Pods-myChat.debug.xcconfig */ = {isa = PBXFileReference; includeInIndex = 1; lastKnownFileType = text.xcconfig; name = "Pods-myChat.debug.xcconfig"; path = "Pods/Target Support Files/Pods-myChat/Pods-myChat.debug.xcconfig"; sourceTree = "<group>"; };
		962221D02148238500D68C3B /* Message.swift */ = {isa = PBXFileReference; fileEncoding = 4; lastKnownFileType = sourcecode.swift; lineEnding = 0; path = Message.swift; sourceTree = "<group>"; };
		962A33A221407AD90032AAC6 /* myChat.app */ = {isa = PBXFileReference; explicitFileType = wrapper.application; includeInIndex = 0; path = myChat.app; sourceTree = BUILT_PRODUCTS_DIR; };
		962A33A521407AD90032AAC6 /* AppDelegate.swift */ = {isa = PBXFileReference; lastKnownFileType = sourcecode.swift; path = AppDelegate.swift; sourceTree = "<group>"; };
		962A33AA21407AD90032AAC6 /* Base */ = {isa = PBXFileReference; lastKnownFileType = file.storyboard; name = Base; path = Base.lproj/Main.storyboard; sourceTree = "<group>"; };
		962A33B221407ADA0032AAC6 /* Base */ = {isa = PBXFileReference; lastKnownFileType = file.storyboard; name = Base; path = Base.lproj/LaunchScreen.storyboard; sourceTree = "<group>"; };
		962A33BB21407B640032AAC6 /* GoogleService-Info.plist */ = {isa = PBXFileReference; fileEncoding = 4; lastKnownFileType = text.plist.xml; path = "GoogleService-Info.plist"; sourceTree = "<group>"; };
		962A33D221408F030032AAC6 /* Images.xcassets */ = {isa = PBXFileReference; lastKnownFileType = folder.assetcatalog; path = Images.xcassets; sourceTree = "<group>"; };
		967F9E3A21442FE400172F10 /* Info.plist */ = {isa = PBXFileReference; fileEncoding = 4; lastKnownFileType = text.plist.xml; path = Info.plist; sourceTree = "<group>"; };
		96C3645021472DCB005A3430 /* CustomMessageCell.swift */ = {isa = PBXFileReference; lastKnownFileType = sourcecode.swift; path = CustomMessageCell.swift; sourceTree = "<group>"; };
		96C3645121472DCB005A3430 /* MessageCell.xib */ = {isa = PBXFileReference; lastKnownFileType = file.xib; path = MessageCell.xib; sourceTree = "<group>"; };
		96F271B12143F9E100C5E32C /* LogInViewController.swift */ = {isa = PBXFileReference; lastKnownFileType = sourcecode.swift; path = LogInViewController.swift; sourceTree = "<group>"; };
		96F271B32143F9FD00C5E32C /* ChatViewController.swift */ = {isa = PBXFileReference; fileEncoding = 4; lastKnownFileType = sourcecode.swift; lineEnding = 0; path = ChatViewController.swift; sourceTree = "<group>"; };
		96F271B52143FA1500C5E32C /* RegisterViewController.swift */ = {isa = PBXFileReference; lastKnownFileType = sourcecode.swift; path = RegisterViewController.swift; sourceTree = "<group>"; };
		96F271B72143FA3000C5E32C /* WelcomeViewController.swift */ = {isa = PBXFileReference; lastKnownFileType = sourcecode.swift; path = WelcomeViewController.swift; sourceTree = "<group>"; };
/* End PBXFileReference section */

/* Begin PBXFrameworksBuildPhase section */
		962A339F21407AD90032AAC6 /* Frameworks */ = {
			isa = PBXFrameworksBuildPhase;
			buildActionMask = 2147483647;
			files = (
				C049447D2C5BC65C03FF32EA /* Pods_myChat.framework in Frameworks */,
			);
			runOnlyForDeploymentPostprocessing = 0;
		};
/* End PBXFrameworksBuildPhase section */

/* Begin PBXGroup section */
		74FA50D6643BF80DAFC01271 /* Frameworks */ = {
			isa = PBXGroup;
			children = (
				31FA8F9D133F87CE26D65A23 /* Pods_myChat.framework */,
			);
			name = Frameworks;
			sourceTree = "<group>";
		};
		962A339921407AD90032AAC6 = {
			isa = PBXGroup;
			children = (
				962A33A421407AD90032AAC6 /* myChat */,
				962A33A321407AD90032AAC6 /* Products */,
				A64D5A2D810282EC76A4FE4F /* Pods */,
				74FA50D6643BF80DAFC01271 /* Frameworks */,
			);
			sourceTree = "<group>";
		};
		962A33A321407AD90032AAC6 /* Products */ = {
			isa = PBXGroup;
			children = (
				962A33A221407AD90032AAC6 /* myChat.app */,
			);
			name = Products;
			sourceTree = "<group>";
		};
		962A33A421407AD90032AAC6 /* myChat */ = {
			isa = PBXGroup;
			children = (
				962A33BE21407B9A0032AAC6 /* Model */,
				962A33BD21407B770032AAC6 /* View */,
				962A33C021407BC50032AAC6 /* Controller */,
				962A33D221408F030032AAC6 /* Images.xcassets */,
				962A33BA21407B530032AAC6 /* Supporting Files */,
			);
			path = myChat;
			sourceTree = "<group>";
		};
		962A33BA21407B530032AAC6 /* Supporting Files */ = {
			isa = PBXGroup;
			children = (
				962A33BB21407B640032AAC6 /* GoogleService-Info.plist */,
				967F9E3A21442FE400172F10 /* Info.plist */,
			);
			path = "Supporting Files";
			sourceTree = "<group>";
		};
		962A33BD21407B770032AAC6 /* View */ = {
			isa = PBXGroup;
			children = (
				962A33B121407ADA0032AAC6 /* LaunchScreen.storyboard */,
				962A33A921407AD90032AAC6 /* Main.storyboard */,
				96C3644B214727D1005A3430 /* Custom Cell */,
			);
			path = View;
			sourceTree = "<group>";
		};
		962A33BE21407B9A0032AAC6 /* Model */ = {
			isa = PBXGroup;
			children = (
				962221D02148238500D68C3B /* Message.swift */,
			);
			path = Model;
			sourceTree = "<group>";
		};
		962A33C021407BC50032AAC6 /* Controller */ = {
			isa = PBXGroup;
			children = (
				962A33A521407AD90032AAC6 /* AppDelegate.swift */,
				96F271B32143F9FD00C5E32C /* ChatViewController.swift */,
				96F271B12143F9E100C5E32C /* LogInViewController.swift */,
				96F271B52143FA1500C5E32C /* RegisterViewController.swift */,
				96F271B72143FA3000C5E32C /* WelcomeViewController.swift */,
			);
			path = Controller;
			sourceTree = "<group>";
		};
		96C3644B214727D1005A3430 /* Custom Cell */ = {
			isa = PBXGroup;
			children = (
				96C3645021472DCB005A3430 /* CustomMessageCell.swift */,
				96C3645121472DCB005A3430 /* MessageCell.xib */,
			);
			path = "Custom Cell";
			sourceTree = "<group>";
		};
		A64D5A2D810282EC76A4FE4F /* Pods */ = {
			isa = PBXGroup;
			children = (
				87AB2648D107F0F3BC5FD04A /* Pods-myChat.debug.xcconfig */,
				694F26A030D1074F104C5A45 /* Pods-myChat.release.xcconfig */,
			);
			name = Pods;
			sourceTree = "<group>";
		};
/* End PBXGroup section */

/* Begin PBXNativeTarget section */
		962A33A121407AD90032AAC6 /* myChat */ = {
			isa = PBXNativeTarget;
			buildConfigurationList = 962A33B721407ADA0032AAC6 /* Build configuration list for PBXNativeTarget "myChat" */;
			buildPhases = (
				1E87505F366A007E7BA3ACED /* [CP] Check Pods Manifest.lock */,
				962A339E21407AD90032AAC6 /* Sources */,
				962A339F21407AD90032AAC6 /* Frameworks */,
				962A33A021407AD90032AAC6 /* Resources */,
				271677068AF1B9E1FAD450E7 /* [CP] Embed Pods Frameworks */,
			);
			buildRules = (
			);
			dependencies = (
			);
			name = myChat;
			productName = myChat;
			productReference = 962A33A221407AD90032AAC6 /* myChat.app */;
			productType = "com.apple.product-type.application";
		};
/* End PBXNativeTarget section */

/* Begin PBXProject section */
		962A339A21407AD90032AAC6 /* Project object */ = {
			isa = PBXProject;
			attributes = {
				LastSwiftUpdateCheck = 0940;
				LastUpgradeCheck = 0940;
				ORGANIZATIONNAME = ErnestG;
				TargetAttributes = {
					962A33A121407AD90032AAC6 = {
						CreatedOnToolsVersion = 9.4.1;
					};
				};
			};
			buildConfigurationList = 962A339D21407AD90032AAC6 /* Build configuration list for PBXProject "myChat" */;
			compatibilityVersion = "Xcode 9.3";
			developmentRegion = en;
			hasScannedForEncodings = 0;
			knownRegions = (
				en,
				Base,
			);
			mainGroup = 962A339921407AD90032AAC6;
			productRefGroup = 962A33A321407AD90032AAC6 /* Products */;
			projectDirPath = "";
			projectRoot = "";
			targets = (
				962A33A121407AD90032AAC6 /* myChat */,
			);
		};
/* End PBXProject section */

/* Begin PBXResourcesBuildPhase section */
		962A33A021407AD90032AAC6 /* Resources */ = {
			isa = PBXResourcesBuildPhase;
			buildActionMask = 2147483647;
			files = (
				96C3645321472DCB005A3430 /* MessageCell.xib in Resources */,
				962A33B321407ADA0032AAC6 /* LaunchScreen.storyboard in Resources */,
				962A33BC21407B640032AAC6 /* GoogleService-Info.plist in Resources */,
				962A33D321408F030032AAC6 /* Images.xcassets in Resources */,
				962A33AB21407AD90032AAC6 /* Main.storyboard in Resources */,
			);
			runOnlyForDeploymentPostprocessing = 0;
		};
/* End PBXResourcesBuildPhase section */

/* Begin PBXShellScriptBuildPhase section */
		1E87505F366A007E7BA3ACED /* [CP] Check Pods Manifest.lock */ = {
			isa = PBXShellScriptBuildPhase;
			buildActionMask = 2147483647;
			files = (
			);
			inputPaths = (
				"${PODS_PODFILE_DIR_PATH}/Podfile.lock",
				"${PODS_ROOT}/Manifest.lock",
			);
			name = "[CP] Check Pods Manifest.lock";
			outputPaths = (
				"$(DERIVED_FILE_DIR)/Pods-myChat-checkManifestLockResult.txt",
			);
			runOnlyForDeploymentPostprocessing = 0;
			shellPath = /bin/sh;
			shellScript = "diff \"${PODS_PODFILE_DIR_PATH}/Podfile.lock\" \"${PODS_ROOT}/Manifest.lock\" > /dev/null\nif [ $? != 0 ] ; then\n    # print error to STDERR\n    echo \"error: The sandbox is not in sync with the Podfile.lock. Run 'pod install' or update your CocoaPods installation.\" >&2\n    exit 1\nfi\n# This output is used by Xcode 'outputs' to avoid re-running this script phase.\necho \"SUCCESS\" > \"${SCRIPT_OUTPUT_FILE_0}\"\n";
			showEnvVarsInLog = 0;
		};
		271677068AF1B9E1FAD450E7 /* [CP] Embed Pods Frameworks */ = {
			isa = PBXShellScriptBuildPhase;
			buildActionMask = 2147483647;
			files = (
			);
			inputPaths = (
				"${SRCROOT}/Pods/Target Support Files/Pods-myChat/Pods-myChat-frameworks.sh",
				"${BUILT_PRODUCTS_DIR}/ChameleonFramework/ChameleonFramework.framework",
				"${BUILT_PRODUCTS_DIR}/GTMSessionFetcher/GTMSessionFetcher.framework",
				"${BUILT_PRODUCTS_DIR}/GoogleUtilities/GoogleUtilities.framework",
				"${BUILT_PRODUCTS_DIR}/SVProgressHUD/SVProgressHUD.framework",
				"${BUILT_PRODUCTS_DIR}/leveldb-library/leveldb.framework",
				"${BUILT_PRODUCTS_DIR}/nanopb/nanopb.framework",
			);
			name = "[CP] Embed Pods Frameworks";
			outputPaths = (
				"${TARGET_BUILD_DIR}/${FRAMEWORKS_FOLDER_PATH}/ChameleonFramework.framework",
				"${TARGET_BUILD_DIR}/${FRAMEWORKS_FOLDER_PATH}/GTMSessionFetcher.framework",
				"${TARGET_BUILD_DIR}/${FRAMEWORKS_FOLDER_PATH}/GoogleUtilities.framework",
				"${TARGET_BUILD_DIR}/${FRAMEWORKS_FOLDER_PATH}/SVProgressHUD.framework",
				"${TARGET_BUILD_DIR}/${FRAMEWORKS_FOLDER_PATH}/leveldb.framework",
				"${TARGET_BUILD_DIR}/${FRAMEWORKS_FOLDER_PATH}/nanopb.framework",
			);
			runOnlyForDeploymentPostprocessing = 0;
			shellPath = /bin/sh;
			shellScript = "\"${SRCROOT}/Pods/Target Support Files/Pods-myChat/Pods-myChat-frameworks.sh\"\n";
			showEnvVarsInLog = 0;
		};
/* End PBXShellScriptBuildPhase section */

/* Begin PBXSourcesBuildPhase section */
		962A339E21407AD90032AAC6 /* Sources */ = {
			isa = PBXSourcesBuildPhase;
			buildActionMask = 2147483647;
			files = (
				96F271B22143F9E100C5E32C /* LogInViewController.swift in Sources */,
				96F271B62143FA1500C5E32C /* RegisterViewController.swift in Sources */,
				96F271B82143FA3000C5E32C /* WelcomeViewController.swift in Sources */,
				96F271B42143F9FD00C5E32C /* ChatViewController.swift in Sources */,
				962A33A621407AD90032AAC6 /* AppDelegate.swift in Sources */,
				96C3645221472DCB005A3430 /* CustomMessageCell.swift in Sources */,
				962221D12148238500D68C3B /* Message.swift in Sources */,
			);
			runOnlyForDeploymentPostprocessing = 0;
		};
/* End PBXSourcesBuildPhase section */

/* Begin PBXVariantGroup section */
		962A33A921407AD90032AAC6 /* Main.storyboard */ = {
			isa = PBXVariantGroup;
			children = (
				962A33AA21407AD90032AAC6 /* Base */,
			);
			name = Main.storyboard;
			sourceTree = "<group>";
		};
		962A33B121407ADA0032AAC6 /* LaunchScreen.storyboard */ = {
			isa = PBXVariantGroup;
			children = (
				962A33B221407ADA0032AAC6 /* Base */,
			);
			name = LaunchScreen.storyboard;
			sourceTree = "<group>";
		};
/* End PBXVariantGroup section */

/* Begin XCBuildConfiguration section */
		962A33B521407ADA0032AAC6 /* Debug */ = {
			isa = XCBuildConfiguration;
			buildSettings = {
				ALWAYS_SEARCH_USER_PATHS = NO;
				CLANG_ANALYZER_NONNULL = YES;
				CLANG_ANALYZER_NUMBER_OBJECT_CONVERSION = YES_AGGRESSIVE;
				CLANG_CXX_LANGUAGE_STANDARD = "gnu++14";
				CLANG_CXX_LIBRARY = "libc++";
				CLANG_ENABLE_MODULES = YES;
				CLANG_ENABLE_OBJC_ARC = YES;
				CLANG_ENABLE_OBJC_WEAK = YES;
				CLANG_WARN_BLOCK_CAPTURE_AUTORELEASING = YES;
				CLANG_WARN_BOOL_CONVERSION = YES;
				CLANG_WARN_COMMA = YES;
				CLANG_WARN_CONSTANT_CONVERSION = YES;
				CLANG_WARN_DEPRECATED_OBJC_IMPLEMENTATIONS = YES;
				CLANG_WARN_DIRECT_OBJC_ISA_USAGE = YES_ERROR;
				CLANG_WARN_DOCUMENTATION_COMMENTS = YES;
				CLANG_WARN_EMPTY_BODY = YES;
				CLANG_WARN_ENUM_CONVERSION = YES;
				CLANG_WARN_INFINITE_RECURSION = YES;
				CLANG_WARN_INT_CONVERSION = YES;
				CLANG_WARN_NON_LITERAL_NULL_CONVERSION = YES;
				CLANG_WARN_OBJC_IMPLICIT_RETAIN_SELF = YES;
				CLANG_WARN_OBJC_LITERAL_CONVERSION = YES;
				CLANG_WARN_OBJC_ROOT_CLASS = YES_ERROR;
				CLANG_WARN_RANGE_LOOP_ANALYSIS = YES;
				CLANG_WARN_STRICT_PROTOTYPES = YES;
				CLANG_WARN_SUSPICIOUS_MOVE = YES;
				CLANG_WARN_UNGUARDED_AVAILABILITY = YES_AGGRESSIVE;
				CLANG_WARN_UNREACHABLE_CODE = YES;
				CLANG_WARN__DUPLICATE_METHOD_MATCH = YES;
				CODE_SIGN_IDENTITY = "iPhone Developer";
				COPY_PHASE_STRIP = NO;
				DEBUG_INFORMATION_FORMAT = dwarf;
				ENABLE_STRICT_OBJC_MSGSEND = YES;
				ENABLE_TESTABILITY = YES;
				GCC_C_LANGUAGE_STANDARD = gnu11;
				GCC_DYNAMIC_NO_PIC = NO;
				GCC_NO_COMMON_BLOCKS = YES;
				GCC_OPTIMIZATION_LEVEL = 0;
				GCC_PREPROCESSOR_DEFINITIONS = (
					"DEBUG=1",
					"$(inherited)",
				);
				GCC_WARN_64_TO_32_BIT_CONVERSION = YES;
				GCC_WARN_ABOUT_RETURN_TYPE = YES_ERROR;
				GCC_WARN_UNDECLARED_SELECTOR = YES;
				GCC_WARN_UNINITIALIZED_AUTOS = YES_AGGRESSIVE;
				GCC_WARN_UNUSED_FUNCTION = YES;
				GCC_WARN_UNUSED_VARIABLE = YES;
				IPHONEOS_DEPLOYMENT_TARGET = 11.4;
				MTL_ENABLE_DEBUG_INFO = YES;
				ONLY_ACTIVE_ARCH = YES;
				SDKROOT = iphoneos;
				SWIFT_ACTIVE_COMPILATION_CONDITIONS = DEBUG;
				SWIFT_OPTIMIZATION_LEVEL = "-Onone";
			};
			name = Debug;
		};
		962A33B621407ADA0032AAC6 /* Release */ = {
			isa = XCBuildConfiguration;
			buildSettings = {
				ALWAYS_SEARCH_USER_PATHS = NO;
				CLANG_ANALYZER_NONNULL = YES;
				CLANG_ANALYZER_NUMBER_OBJECT_CONVERSION = YES_AGGRESSIVE;
				CLANG_CXX_LANGUAGE_STANDARD = "gnu++14";
				CLANG_CXX_LIBRARY = "libc++";
				CLANG_ENABLE_MODULES = YES;
				CLANG_ENABLE_OBJC_ARC = YES;
				CLANG_ENABLE_OBJC_WEAK = YES;
				CLANG_WARN_BLOCK_CAPTURE_AUTORELEASING = YES;
				CLANG_WARN_BOOL_CONVERSION = YES;
				CLANG_WARN_COMMA = YES;
				CLANG_WARN_CONSTANT_CONVERSION = YES;
				CLANG_WARN_DEPRECATED_OBJC_IMPLEMENTATIONS = YES;
				CLANG_WARN_DIRECT_OBJC_ISA_USAGE = YES_ERROR;
				CLANG_WARN_DOCUMENTATION_COMMENTS = YES;
				CLANG_WARN_EMPTY_BODY = YES;
				CLANG_WARN_ENUM_CONVERSION = YES;
				CLANG_WARN_INFINITE_RECURSION = YES;
				CLANG_WARN_INT_CONVERSION = YES;
				CLANG_WARN_NON_LITERAL_NULL_CONVERSION = YES;
				CLANG_WARN_OBJC_IMPLICIT_RETAIN_SELF = YES;
				CLANG_WARN_OBJC_LITERAL_CONVERSION = YES;
				CLANG_WARN_OBJC_ROOT_CLASS = YES_ERROR;
				CLANG_WARN_RANGE_LOOP_ANALYSIS = YES;
				CLANG_WARN_STRICT_PROTOTYPES = YES;
				CLANG_WARN_SUSPICIOUS_MOVE = YES;
				CLANG_WARN_UNGUARDED_AVAILABILITY = YES_AGGRESSIVE;
				CLANG_WARN_UNREACHABLE_CODE = YES;
				CLANG_WARN__DUPLICATE_METHOD_MATCH = YES;
				CODE_SIGN_IDENTITY = "iPhone Developer";
				COPY_PHASE_STRIP = NO;
				DEBUG_INFORMATION_FORMAT = "dwarf-with-dsym";
				ENABLE_NS_ASSERTIONS = NO;
				ENABLE_STRICT_OBJC_MSGSEND = YES;
				GCC_C_LANGUAGE_STANDARD = gnu11;
				GCC_NO_COMMON_BLOCKS = YES;
				GCC_WARN_64_TO_32_BIT_CONVERSION = YES;
				GCC_WARN_ABOUT_RETURN_TYPE = YES_ERROR;
				GCC_WARN_UNDECLARED_SELECTOR = YES;
				GCC_WARN_UNINITIALIZED_AUTOS = YES_AGGRESSIVE;
				GCC_WARN_UNUSED_FUNCTION = YES;
				GCC_WARN_UNUSED_VARIABLE = YES;
				IPHONEOS_DEPLOYMENT_TARGET = 11.4;
				MTL_ENABLE_DEBUG_INFO = NO;
				SDKROOT = iphoneos;
				SWIFT_COMPILATION_MODE = wholemodule;
				SWIFT_OPTIMIZATION_LEVEL = "-O";
				VALIDATE_PRODUCT = YES;
			};
			name = Release;
		};
		962A33B821407ADA0032AAC6 /* Debug */ = {
			isa = XCBuildConfiguration;
			baseConfigurationReference = 87AB2648D107F0F3BC5FD04A /* Pods-myChat.debug.xcconfig */;
			buildSettings = {
				ASSETCATALOG_COMPILER_APPICON_NAME = AppIcon;
				CODE_SIGN_STYLE = Automatic;
				DEVELOPMENT_TEAM = A6J7V5A9NR;
				INFOPLIST_FILE = "$(SRCROOT)/myChat/Supporting Files/Info.plist";
				IPHONEOS_DEPLOYMENT_TARGET = 10.0;
				LD_RUNPATH_SEARCH_PATHS = (
					"$(inherited)",
					"@executable_path/Frameworks",
				);
				PRODUCT_BUNDLE_IDENTIFIER = com.ernestgodlewski.myChat;
				PRODUCT_NAME = "$(TARGET_NAME)";
				SWIFT_VERSION = 4.0;
				TARGETED_DEVICE_FAMILY = 1;
			};
			name = Debug;
		};
		962A33B921407ADA0032AAC6 /* Release */ = {
			isa = XCBuildConfiguration;
			baseConfigurationReference = 694F26A030D1074F104C5A45 /* Pods-myChat.release.xcconfig */;
			buildSettings = {
				ASSETCATALOG_COMPILER_APPICON_NAME = AppIcon;
				CODE_SIGN_STYLE = Automatic;
				DEVELOPMENT_TEAM = A6J7V5A9NR;
				INFOPLIST_FILE = "$(SRCROOT)/myChat/Supporting Files/Info.plist";
				IPHONEOS_DEPLOYMENT_TARGET = 10.0;
				LD_RUNPATH_SEARCH_PATHS = (
					"$(inherited)",
					"@executable_path/Frameworks",
				);
				PRODUCT_BUNDLE_IDENTIFIER = com.ernestgodlewski.myChat;
				PRODUCT_NAME = "$(TARGET_NAME)";
				SWIFT_VERSION = 4.0;
				TARGETED_DEVICE_FAMILY = 1;
			};
			name = Release;
		};
/* End XCBuildConfiguration section */

/* Begin XCConfigurationList section */
		962A339D21407AD90032AAC6 /* Build configuration list for PBXProject "myChat" */ = {
			isa = XCConfigurationList;
			buildConfigurations = (
				962A33B521407ADA0032AAC6 /* Debug */,
				962A33B621407ADA0032AAC6 /* Release */,
			);
			defaultConfigurationIsVisible = 0;
			defaultConfigurationName = Release;
		};
		962A33B721407ADA0032AAC6 /* Build configuration list for PBXNativeTarget "myChat" */ = {
			isa = XCConfigurationList;
			buildConfigurations = (
				962A33B821407ADA0032AAC6 /* Debug */,
				962A33B921407ADA0032AAC6 /* Release */,
			);
			defaultConfigurationIsVisible = 0;
			defaultConfigurationName = Release;
		};
/* End XCConfigurationList section */
	};
	rootObject = 962A339A21407AD90032AAC6 /* Project object */;
}
